
Microsoft Visual Studio Solution File, Format Version 12.00
# Visual Studio Version 17
VisualStudioVersion = 17.6.33829.357
MinimumVisualStudioVersion = 10.0.40219.1
Project("{FAE04EC0-301F-11D3-BF4B-00C04F79EFBC}") = "DiceGame", "DiceGame\DiceGame.csproj", "{F8AF7838-0709-413F-837B-A66B9726D8C2}"
EndProject
Global
	GlobalSection(SolutionConfigurationPlatforms) = preSolution
		Debug|Any CPU = Debug|Any CPU
		Release|Any CPU = Release|Any CPU
	EndGlobalSection
	GlobalSection(ProjectConfigurationPlatforms) = postSolution
		{F8AF7838-0709-413F-837B-A66B9726D8C2}.Debug|Any CPU.ActiveCfg = Debug|Any CPU
		{F8AF7838-0709-413F-837B-A66B9726D8C2}.Debug|Any CPU.Build.0 = Debug|Any CPU
		{F8AF7838-0709-413F-837B-A66B9726D8C2}.Release|Any CPU.ActiveCfg = Release|Any CPU
		{F8AF7838-0709-413F-837B-A66B9726D8C2}.Release|Any CPU.Build.0 = Release|Any CPU
	EndGlobalSection
	GlobalSection(SolutionProperties) = preSolution
		HideSolutionNode = FALSE
	EndGlobalSection
	GlobalSection(ExtensibilityGlobals) = postSolution
		SolutionGuid = {0C537105-CD61-4AE3-ACB0-4D643A00DBB7}
	EndGlobalSection
EndGlobal
