
Microsoft Visual Studio Solution File, Format Version 12.00
# Visual Studio Version 17
VisualStudioVersion = 17.6.33829.357
MinimumVisualStudioVersion = 10.0.40219.1
Project("{FAE04EC0-301F-11D3-BF4B-00C04F79EFBC}") = "Logica", "Logica\Logica.csproj", "{CCA85EB5-0877-47B5-B80D-61146B3EE8EB}"
EndProject
Global
	GlobalSection(SolutionConfigurationPlatforms) = preSolution
		Debug|Any CPU = Debug|Any CPU
		Release|Any CPU = Release|Any CPU
	EndGlobalSection
	GlobalSection(ProjectConfigurationPlatforms) = postSolution
		{CCA85EB5-0877-47B5-B80D-61146B3EE8EB}.Debug|Any CPU.ActiveCfg = Debug|Any CPU
		{CCA85EB5-0877-47B5-B80D-61146B3EE8EB}.Debug|Any CPU.Build.0 = Debug|Any CPU
		{CCA85EB5-0877-47B5-B80D-61146B3EE8EB}.Release|Any CPU.ActiveCfg = Release|Any CPU
		{CCA85EB5-0877-47B5-B80D-61146B3EE8EB}.Release|Any CPU.Build.0 = Release|Any CPU
	EndGlobalSection
	GlobalSection(SolutionProperties) = preSolution
		HideSolutionNode = FALSE
	EndGlobalSection
	GlobalSection(ExtensibilityGlobals) = postSolution
		SolutionGuid = {3778EF57-55DB-4EF0-91C6-B2182831E404}
	EndGlobalSection
EndGlobal
