
Microsoft Visual Studio Solution File, Format Version 12.00
# Visual Studio Version 17
VisualStudioVersion = 17.6.33829.357
MinimumVisualStudioVersion = 10.0.40219.1
Project("{FAE04EC0-301F-11D3-BF4B-00C04F79EFBC}") = "Dados", "Dados\Dados.csproj", "{31132459-ADFA-467C-A33B-503D26BF1F97}"
EndProject
Global
	GlobalSection(SolutionConfigurationPlatforms) = preSolution
		Debug|Any CPU = Debug|Any CPU
		Release|Any CPU = Release|Any CPU
	EndGlobalSection
	GlobalSection(ProjectConfigurationPlatforms) = postSolution
		{31132459-ADFA-467C-A33B-503D26BF1F97}.Debug|Any CPU.ActiveCfg = Debug|Any CPU
		{31132459-ADFA-467C-A33B-503D26BF1F97}.Debug|Any CPU.Build.0 = Debug|Any CPU
		{31132459-ADFA-467C-A33B-503D26BF1F97}.Release|Any CPU.ActiveCfg = Release|Any CPU
		{31132459-ADFA-467C-A33B-503D26BF1F97}.Release|Any CPU.Build.0 = Release|Any CPU
	EndGlobalSection
	GlobalSection(SolutionProperties) = preSolution
		HideSolutionNode = FALSE
	EndGlobalSection
	GlobalSection(ExtensibilityGlobals) = postSolution
		SolutionGuid = {28C58F4F-4854-42F1-A8E7-7F204DD10853}
	EndGlobalSection
EndGlobal
